
Microsoft Visual Studio Solution File, Format Version 12.00
# Visual Studio Version 17
VisualStudioVersion = 17.5.33424.131
MinimumVisualStudioVersion = 10.0.40219.1
Project("{FAE04EC0-301F-11D3-BF4B-00C04F79EFBC}") = "Calc", "Calc\Calc.csproj", "{95D89075-8647-40A2-BF4B-211B4FA51455}"
EndProject
Global
	GlobalSection(SolutionConfigurationPlatforms) = preSolution
		Debug|Any CPU = Debug|Any CPU
		Release|Any CPU = Release|Any CPU
	EndGlobalSection
	GlobalSection(ProjectConfigurationPlatforms) = postSolution
		{95D89075-8647-40A2-BF4B-211B4FA51455}.Debug|Any CPU.ActiveCfg = Debug|Any CPU
		{95D89075-8647-40A2-BF4B-211B4FA51455}.Debug|Any CPU.Build.0 = Debug|Any CPU
		{95D89075-8647-40A2-BF4B-211B4FA51455}.Release|Any CPU.ActiveCfg = Release|Any CPU
		{95D89075-8647-40A2-BF4B-211B4FA51455}.Release|Any CPU.Build.0 = Release|Any CPU
	EndGlobalSection
	GlobalSection(SolutionProperties) = preSolution
		HideSolutionNode = FALSE
	EndGlobalSection
	GlobalSection(ExtensibilityGlobals) = postSolution
		SolutionGuid = {DC93264E-EDEB-445D-95F5-1B1C92ED33EA}
	EndGlobalSection
EndGlobal
